<?xml version="1.0" encoding="utf-8"?>
<Project ToolsVersion="4.0" xmlns="http://schemas.microsoft.com/developer/msbuild/2003">
  <ItemGroup>
    <Filter Include="Source Files">
      <UniqueIdentifier>{4FC737F1-C7A5-4376-A066-2A32D752A2FF}</UniqueIdentifier>
      <Extensions>cpp;c;cc;cxx;def;odl;idl;hpj;bat;asm;asmx</Extensions>
    </Filter>
    <Filter Include="Header Files">
      <UniqueIdentifier>{93995380-89BD-4b04-88EB-625FBE52EBFB}</UniqueIdentifier>
      <Extensions>h;hh;hpp;hxx;hm;inl;inc;xsd</Extensions>
    </Filter>
    <Filter Include="Assets">
      <UniqueIdentifier>{6b7321bd-2cdb-48c2-a469-4e89d33fac79}</UniqueIdentifier>
    </Filter>
    <Filter Include="Assets\Data">
      <UniqueIdentifier>{c3267389-c064-4055-beb1-303fce639b28}</UniqueIdentifier>
    </Filter>
    <Filter Include="Assets\Shaders">
      <UniqueIdentifier>{6dd0c46c-f077-4085-af1a-d6925098f81e}</UniqueIdentifier>
    </Filter>
  </ItemGroup>
  <ItemGroup>
    <ClCompile Include="DXSample.cpp">
      <Filter>Source Files</Filter>
    </ClCompile>
    <ClCompile Include="Main.cpp">
      <Filter>Source Files</Filter>
    </ClCompile>
    <ClCompile Include="SimpleCamera.cpp">
      <Filter>Source Files</Filter>
    </ClCompile>
    <ClCompile Include="stdafx.cpp">
      <Filter>Source Files</Filter>
    </ClCompile>
    <ClCompile Include="Win32Application.cpp">
      <Filter>Source Files</Filter>
    </ClCompile>
    <ClCompile Include="DX12Particles.cpp">
      <Filter>Source Files</Filter>
    </ClCompile>
  </ItemGroup>
  <ItemGroup>
    <ClInclude Include="d3dx12.h">
      <Filter>Header Files</Filter>
    </ClInclude>
    <ClInclude Include="DXSample.h">
      <Filter>Header Files</Filter>
    </ClInclude>
    <ClInclude Include="DXSampleHelper.h">
      <Filter>Header Files</Filter>
    </ClInclude>
    <ClInclude Include="SimpleCamera.h">
      <Filter>Header Files</Filter>
    </ClInclude>
    <ClInclude Include="stdafx.h">
      <Filter>Header Files</Filter>
    </ClInclude>
    <ClInclude Include="StepTimer.h">
      <Filter>Header Files</Filter>
    </ClInclude>
    <ClInclude Include="Win32Application.h">
      <Filter>Header Files</Filter>
    </ClInclude>
    <ClInclude Include="DX12Particles.h">
      <Filter>Header Files</Filter>
    </ClInclude>
  </ItemGroup>
  <ItemGroup>
    <None Include="README.md" />
  </ItemGroup>
  <ItemGroup>
    <CustomBuild Include="ParticleDraw.hlsl">
      <Filter>Assets\Shaders</Filter>
    </CustomBuild>
    <CustomBuild Include="ParticleCompute.hlsl">
      <Filter>Assets\Shaders</Filter>
    </CustomBuild>
    <CustomBuild Include="ParticleDebug.hlsl">
      <Filter>Assets\Shaders</Filter>
    </CustomBuild>
    <CustomBuild Include="ParticleCommon.hlsli">
      <Filter>Assets\Shaders</Filter>
    </CustomBuild>
    <CustomBuild Include="ParticleTile.hlsl">
      <Filter>Assets\Shaders</Filter>
    </CustomBuild>
  </ItemGroup>
</Project>